
Microsoft Visual Studio Solution File, Format Version 12.00
# Visual Studio Version 17
VisualStudioVersion = 17.3.32901.215
MinimumVisualStudioVersion = 10.0.40219.1
Project("{FAE04EC0-301F-11D3-BF4B-00C04F79EFBC}") = "VarlamovLab11", "VarlamovLab11\VarlamovLab11.csproj", "{184971EB-BFFF-4FBD-8A25-9E717C667333}"
EndProject
Global
	GlobalSection(SolutionConfigurationPlatforms) = preSolution
		Debug|Any CPU = Debug|Any CPU
		Release|Any CPU = Release|Any CPU
	EndGlobalSection
	GlobalSection(ProjectConfigurationPlatforms) = postSolution
		{184971EB-BFFF-4FBD-8A25-9E717C667333}.Debug|Any CPU.ActiveCfg = Debug|Any CPU
		{184971EB-BFFF-4FBD-8A25-9E717C667333}.Debug|Any CPU.Build.0 = Debug|Any CPU
		{184971EB-BFFF-4FBD-8A25-9E717C667333}.Release|Any CPU.ActiveCfg = Release|Any CPU
		{184971EB-BFFF-4FBD-8A25-9E717C667333}.Release|Any CPU.Build.0 = Release|Any CPU
	EndGlobalSection
	GlobalSection(SolutionProperties) = preSolution
		HideSolutionNode = FALSE
	EndGlobalSection
	GlobalSection(ExtensibilityGlobals) = postSolution
		SolutionGuid = {8F60C611-3C54-4308-98D9-11A312FBCB41}
	EndGlobalSection
EndGlobal
